// !$*UTF8*$!
{
	archiveVersion = 1;
	classes = {
	};
	objectVersion = 50;
	objects = {

/* Begin PBXBuildFile section */
		A8B62FB22D42319F00604F64 /* AppDelegate.swift in Sources */ = {isa = PBXBuildFile; fileRef = A8B62FB12D42319F00604F64 /* AppDelegate.swift */; };
		A8B62FB42D42319F00604F64 /* SceneDelegate.swift in Sources */ = {isa = PBXBuildFile; fileRef = A8B62FB32D42319F00604F64 /* SceneDelegate.swift */; };
		A8B62FBB2D4231A100604F64 /* Assets.xcassets in Resources */ = {isa = PBXBuildFile; fileRef = A8B62FBA2D4231A100604F64 /* Assets.xcassets */; };
		A8B62FC72D42361A00604F64 /* Model.swift in Sources */ = {isa = PBXBuildFile; fileRef = A8B62FC62D42361A00604F64 /* Model.swift */; };
		A8B62FCA2D42363E00604F64 /* FirstViewController.swift in Sources */ = {isa = PBXBuildFile; fileRef = A8B62FC92D42363E00604F64 /* FirstViewController.swift */; };
		A8B62FCC2D42426600604F64 /* tshirt-adidas.jpeg in Resources */ = {isa = PBXBuildFile; fileRef = A8B62FCB2D42426600604F64 /* tshirt-adidas.jpeg */; };
		A8B62FCE2D42438400604F64 /* tshirt-nike.png in Resources */ = {isa = PBXBuildFile; fileRef = A8B62FCD2D42438300604F64 /* tshirt-nike.png */; };
		A8B62FD02D42438900604F64 /* tshirt-puma.png in Resources */ = {isa = PBXBuildFile; fileRef = A8B62FCF2D42438900604F64 /* tshirt-puma.png */; };
		A8B62FD42D42439300604F64 /* nike-shoes.png in Resources */ = {isa = PBXBuildFile; fileRef = A8B62FD12D42439200604F64 /* nike-shoes.png */; };
		A8B62FD52D42439300604F64 /* adidas-shoes.png in Resources */ = {isa = PBXBuildFile; fileRef = A8B62FD22D42439300604F64 /* adidas-shoes.png */; };
		A8B62FD62D42439300604F64 /* puma-shoes.png in Resources */ = {isa = PBXBuildFile; fileRef = A8B62FD32D42439300604F64 /* puma-shoes.png */; };
		A8B62FD82D42467A00604F64 /* GoodViewController.swift in Sources */ = {isa = PBXBuildFile; fileRef = A8B62FD72D42467A00604F64 /* GoodViewController.swift */; };
		A8B62FE42D4289B200604F64 /* puma-shoes2.jpeg in Resources */ = {isa = PBXBuildFile; fileRef = A8B62FD92D4289B000604F64 /* puma-shoes2.jpeg */; };
		A8B62FE52D4289B200604F64 /* puma-shoes3.jpeg in Resources */ = {isa = PBXBuildFile; fileRef = A8B62FDA2D4289B000604F64 /* puma-shoes3.jpeg */; };
		A8B62FE62D4289B200604F64 /* adidas-shoes2.png in Resources */ = {isa = PBXBuildFile; fileRef = A8B62FDB2D4289B000604F64 /* adidas-shoes2.png */; };
		A8B62FE72D4289B200604F64 /* tshirt-adidas2.jpeg in Resources */ = {isa = PBXBuildFile; fileRef = A8B62FDC2D4289B100604F64 /* tshirt-adidas2.jpeg */; };
		A8B62FE82D4289B200604F64 /* nike-shoes2.jpeg in Resources */ = {isa = PBXBuildFile; fileRef = A8B62FDD2D4289B100604F64 /* nike-shoes2.jpeg */; };
		A8B62FE92D4289B200604F64 /* tshirt-nike2.png in Resources */ = {isa = PBXBuildFile; fileRef = A8B62FDE2D4289B100604F64 /* tshirt-nike2.png */; };
		A8B62FEA2D4289B200604F64 /* adidas-shoes3.png in Resources */ = {isa = PBXBuildFile; fileRef = A8B62FDF2D4289B100604F64 /* adidas-shoes3.png */; };
		A8B62FEB2D4289B200604F64 /* tshirt-puma2.jpeg in Resources */ = {isa = PBXBuildFile; fileRef = A8B62FE02D4289B100604F64 /* tshirt-puma2.jpeg */; };
		A8B62FEC2D4289B200604F64 /* tshirt-adidas3.jpeg in Resources */ = {isa = PBXBuildFile; fileRef = A8B62FE12D4289B100604F64 /* tshirt-adidas3.jpeg */; };
		A8B62FED2D4289B200604F64 /* nike-shoes3.png in Resources */ = {isa = PBXBuildFile; fileRef = A8B62FE22D4289B100604F64 /* nike-shoes3.png */; };
		A8B62FEE2D4289B200604F64 /* tshirt-nike3.jpeg in Resources */ = {isa = PBXBuildFile; fileRef = A8B62FE32D4289B200604F64 /* tshirt-nike3.jpeg */; };
		A8B62FF02D4289E000604F64 /* tshirt-puma3.jpeg in Resources */ = {isa = PBXBuildFile; fileRef = A8B62FEF2D4289E000604F64 /* tshirt-puma3.jpeg */; };
/* End PBXBuildFile section */

/* Begin PBXFileReference section */
		A8B62FAE2D42319F00604F64 /* Shop.app */ = {isa = PBXFileReference; explicitFileType = wrapper.application; includeInIndex = 0; path = Shop.app; sourceTree = BUILT_PRODUCTS_DIR; };
		A8B62FB12D42319F00604F64 /* AppDelegate.swift */ = {isa = PBXFileReference; lastKnownFileType = sourcecode.swift; path = AppDelegate.swift; sourceTree = "<group>"; };
		A8B62FB32D42319F00604F64 /* SceneDelegate.swift */ = {isa = PBXFileReference; lastKnownFileType = sourcecode.swift; path = SceneDelegate.swift; sourceTree = "<group>"; };
		A8B62FBA2D4231A100604F64 /* Assets.xcassets */ = {isa = PBXFileReference; lastKnownFileType = folder.assetcatalog; path = Assets.xcassets; sourceTree = "<group>"; };
		A8B62FBF2D4231A100604F64 /* Info.plist */ = {isa = PBXFileReference; lastKnownFileType = text.plist.xml; path = Info.plist; sourceTree = "<group>"; };
		A8B62FC62D42361A00604F64 /* Model.swift */ = {isa = PBXFileReference; lastKnownFileType = sourcecode.swift; path = Model.swift; sourceTree = "<group>"; };
		A8B62FC92D42363E00604F64 /* FirstViewController.swift */ = {isa = PBXFileReference; lastKnownFileType = sourcecode.swift; path = FirstViewController.swift; sourceTree = "<group>"; };
		A8B62FCB2D42426600604F64 /* tshirt-adidas.jpeg */ = {isa = PBXFileReference; lastKnownFileType = image.jpeg; path = "tshirt-adidas.jpeg"; sourceTree = "<group>"; };
		A8B62FCD2D42438300604F64 /* tshirt-nike.png */ = {isa = PBXFileReference; lastKnownFileType = image.png; path = "tshirt-nike.png"; sourceTree = "<group>"; };
		A8B62FCF2D42438900604F64 /* tshirt-puma.png */ = {isa = PBXFileReference; lastKnownFileType = image.png; path = "tshirt-puma.png"; sourceTree = "<group>"; };
		A8B62FD12D42439200604F64 /* nike-shoes.png */ = {isa = PBXFileReference; lastKnownFileType = image.png; path = "nike-shoes.png"; sourceTree = "<group>"; };
		A8B62FD22D42439300604F64 /* adidas-shoes.png */ = {isa = PBXFileReference; lastKnownFileType = image.png; path = "adidas-shoes.png"; sourceTree = "<group>"; };
		A8B62FD32D42439300604F64 /* puma-shoes.png */ = {isa = PBXFileReference; lastKnownFileType = image.png; path = "puma-shoes.png"; sourceTree = "<group>"; };
		A8B62FD72D42467A00604F64 /* GoodViewController.swift */ = {isa = PBXFileReference; lastKnownFileType = sourcecode.swift; path = GoodViewController.swift; sourceTree = "<group>"; };
		A8B62FD92D4289B000604F64 /* puma-shoes2.jpeg */ = {isa = PBXFileReference; lastKnownFileType = image.jpeg; path = "puma-shoes2.jpeg"; sourceTree = "<group>"; };
		A8B62FDA2D4289B000604F64 /* puma-shoes3.jpeg */ = {isa = PBXFileReference; lastKnownFileType = image.jpeg; path = "puma-shoes3.jpeg"; sourceTree = "<group>"; };
		A8B62FDB2D4289B000604F64 /* adidas-shoes2.png */ = {isa = PBXFileReference; lastKnownFileType = image.png; path = "adidas-shoes2.png"; sourceTree = "<group>"; };
		A8B62FDC2D4289B100604F64 /* tshirt-adidas2.jpeg */ = {isa = PBXFileReference; lastKnownFileType = image.jpeg; path = "tshirt-adidas2.jpeg"; sourceTree = "<group>"; };
		A8B62FDD2D4289B100604F64 /* nike-shoes2.jpeg */ = {isa = PBXFileReference; lastKnownFileType = image.jpeg; path = "nike-shoes2.jpeg"; sourceTree = "<group>"; };
		A8B62FDE2D4289B100604F64 /* tshirt-nike2.png */ = {isa = PBXFileReference; lastKnownFileType = image.png; path = "tshirt-nike2.png"; sourceTree = "<group>"; };
		A8B62FDF2D4289B100604F64 /* adidas-shoes3.png */ = {isa = PBXFileReference; lastKnownFileType = image.png; path = "adidas-shoes3.png"; sourceTree = "<group>"; };
		A8B62FE02D4289B100604F64 /* tshirt-puma2.jpeg */ = {isa = PBXFileReference; lastKnownFileType = image.jpeg; path = "tshirt-puma2.jpeg"; sourceTree = "<group>"; };
		A8B62FE12D4289B100604F64 /* tshirt-adidas3.jpeg */ = {isa = PBXFileReference; lastKnownFileType = image.jpeg; path = "tshirt-adidas3.jpeg"; sourceTree = "<group>"; };
		A8B62FE22D4289B100604F64 /* nike-shoes3.png */ = {isa = PBXFileReference; lastKnownFileType = image.png; path = "nike-shoes3.png"; sourceTree = "<group>"; };
		A8B62FE32D4289B200604F64 /* tshirt-nike3.jpeg */ = {isa = PBXFileReference; lastKnownFileType = image.jpeg; path = "tshirt-nike3.jpeg"; sourceTree = "<group>"; };
		A8B62FEF2D4289E000604F64 /* tshirt-puma3.jpeg */ = {isa = PBXFileReference; lastKnownFileType = image.jpeg; path = "tshirt-puma3.jpeg"; sourceTree = "<group>"; };
/* End PBXFileReference section */

/* Begin PBXFrameworksBuildPhase section */
		A8B62FAB2D42319F00604F64 /* Frameworks */ = {
			isa = PBXFrameworksBuildPhase;
			buildActionMask = 2147483647;
			files = (
			);
			runOnlyForDeploymentPostprocessing = 0;
		};
/* End PBXFrameworksBuildPhase section */

/* Begin PBXGroup section */
		A8B62FA52D42319F00604F64 = {
			isa = PBXGroup;
			children = (
				A8B62FB02D42319F00604F64 /* Shop */,
				A8B62FAF2D42319F00604F64 /* Products */,
			);
			sourceTree = "<group>";
		};
		A8B62FAF2D42319F00604F64 /* Products */ = {
			isa = PBXGroup;
			children = (
				A8B62FAE2D42319F00604F64 /* Shop.app */,
			);
			name = Products;
			sourceTree = "<group>";
		};
		A8B62FB02D42319F00604F64 /* Shop */ = {
			isa = PBXGroup;
			children = (
				A8B62FDB2D4289B000604F64 /* adidas-shoes2.png */,
				A8B62FDF2D4289B100604F64 /* adidas-shoes3.png */,
				A8B62FDD2D4289B100604F64 /* nike-shoes2.jpeg */,
				A8B62FE22D4289B100604F64 /* nike-shoes3.png */,
				A8B62FD92D4289B000604F64 /* puma-shoes2.jpeg */,
				A8B62FDA2D4289B000604F64 /* puma-shoes3.jpeg */,
				A8B62FDC2D4289B100604F64 /* tshirt-adidas2.jpeg */,
				A8B62FE12D4289B100604F64 /* tshirt-adidas3.jpeg */,
				A8B62FDE2D4289B100604F64 /* tshirt-nike2.png */,
				A8B62FE32D4289B200604F64 /* tshirt-nike3.jpeg */,
				A8B62FEF2D4289E000604F64 /* tshirt-puma3.jpeg */,
				A8B62FE02D4289B100604F64 /* tshirt-puma2.jpeg */,
				A8B62FCB2D42426600604F64 /* tshirt-adidas.jpeg */,
				A8B62FCD2D42438300604F64 /* tshirt-nike.png */,
				A8B62FCF2D42438900604F64 /* tshirt-puma.png */,
				A8B62FD22D42439300604F64 /* adidas-shoes.png */,
				A8B62FD12D42439200604F64 /* nike-shoes.png */,
				A8B62FD32D42439300604F64 /* puma-shoes.png */,
				A8B62FC82D42362700604F64 /* View */,
				A8B62FC52D42360B00604F64 /* Model */,
				A8B62FB12D42319F00604F64 /* AppDelegate.swift */,
				A8B62FB32D42319F00604F64 /* SceneDelegate.swift */,
				A8B62FBA2D4231A100604F64 /* Assets.xcassets */,
				A8B62FBF2D4231A100604F64 /* Info.plist */,
			);
			path = Shop;
			sourceTree = "<group>";
		};
		A8B62FC52D42360B00604F64 /* Model */ = {
			isa = PBXGroup;
			children = (
				A8B62FC62D42361A00604F64 /* Model.swift */,
			);
			path = Model;
			sourceTree = "<group>";
		};
		A8B62FC82D42362700604F64 /* View */ = {
			isa = PBXGroup;
			children = (
				A8B62FC92D42363E00604F64 /* FirstViewController.swift */,
				A8B62FD72D42467A00604F64 /* GoodViewController.swift */,
			);
			path = View;
			sourceTree = "<group>";
		};
/* End PBXGroup section */

/* Begin PBXNativeTarget section */
		A8B62FAD2D42319F00604F64 /* Shop */ = {
			isa = PBXNativeTarget;
			buildConfigurationList = A8B62FC22D4231A100604F64 /* Build configuration list for PBXNativeTarget "Shop" */;
			buildPhases = (
				A8B62FAA2D42319F00604F64 /* Sources */,
				A8B62FAB2D42319F00604F64 /* Frameworks */,
				A8B62FAC2D42319F00604F64 /* Resources */,
			);
			buildRules = (
			);
			dependencies = (
			);
			name = Shop;
			productName = Shop;
			productReference = A8B62FAE2D42319F00604F64 /* Shop.app */;
			productType = "com.apple.product-type.application";
		};
/* End PBXNativeTarget section */

/* Begin PBXProject section */
		A8B62FA62D42319F00604F64 /* Project object */ = {
			isa = PBXProject;
			attributes = {
				LastSwiftUpdateCheck = 1130;
				LastUpgradeCheck = 1130;
				ORGANIZATIONNAME = Alexandr;
				TargetAttributes = {
					A8B62FAD2D42319F00604F64 = {
						CreatedOnToolsVersion = 11.3.1;
					};
				};
			};
			buildConfigurationList = A8B62FA92D42319F00604F64 /* Build configuration list for PBXProject "Shop" */;
			compatibilityVersion = "Xcode 9.3";
			developmentRegion = en;
			hasScannedForEncodings = 0;
			knownRegions = (
				en,
				Base,
			);
			mainGroup = A8B62FA52D42319F00604F64;
			productRefGroup = A8B62FAF2D42319F00604F64 /* Products */;
			projectDirPath = "";
			projectRoot = "";
			targets = (
				A8B62FAD2D42319F00604F64 /* Shop */,
			);
		};
/* End PBXProject section */

/* Begin PBXResourcesBuildPhase section */
		A8B62FAC2D42319F00604F64 /* Resources */ = {
			isa = PBXResourcesBuildPhase;
			buildActionMask = 2147483647;
			files = (
				A8B62FEE2D4289B200604F64 /* tshirt-nike3.jpeg in Resources */,
				A8B62FE82D4289B200604F64 /* nike-shoes2.jpeg in Resources */,
				A8B62FED2D4289B200604F64 /* nike-shoes3.png in Resources */,
				A8B62FE42D4289B200604F64 /* puma-shoes2.jpeg in Resources */,
				A8B62FD52D42439300604F64 /* adidas-shoes.png in Resources */,
				A8B62FD62D42439300604F64 /* puma-shoes.png in Resources */,
				A8B62FE92D4289B200604F64 /* tshirt-nike2.png in Resources */,
				A8B62FD02D42438900604F64 /* tshirt-puma.png in Resources */,
				A8B62FEA2D4289B200604F64 /* adidas-shoes3.png in Resources */,
				A8B62FCE2D42438400604F64 /* tshirt-nike.png in Resources */,
				A8B62FE52D4289B200604F64 /* puma-shoes3.jpeg in Resources */,
				A8B62FBB2D4231A100604F64 /* Assets.xcassets in Resources */,
				A8B62FE62D4289B200604F64 /* adidas-shoes2.png in Resources */,
				A8B62FEC2D4289B200604F64 /* tshirt-adidas3.jpeg in Resources */,
				A8B62FEB2D4289B200604F64 /* tshirt-puma2.jpeg in Resources */,
				A8B62FF02D4289E000604F64 /* tshirt-puma3.jpeg in Resources */,
				A8B62FE72D4289B200604F64 /* tshirt-adidas2.jpeg in Resources */,
				A8B62FCC2D42426600604F64 /* tshirt-adidas.jpeg in Resources */,
				A8B62FD42D42439300604F64 /* nike-shoes.png in Resources */,
			);
			runOnlyForDeploymentPostprocessing = 0;
		};
/* End PBXResourcesBuildPhase section */

/* Begin PBXSourcesBuildPhase section */
		A8B62FAA2D42319F00604F64 /* Sources */ = {
			isa = PBXSourcesBuildPhase;
			buildActionMask = 2147483647;
			files = (
				A8B62FD82D42467A00604F64 /* GoodViewController.swift in Sources */,
				A8B62FC72D42361A00604F64 /* Model.swift in Sources */,
				A8B62FB22D42319F00604F64 /* AppDelegate.swift in Sources */,
				A8B62FB42D42319F00604F64 /* SceneDelegate.swift in Sources */,
				A8B62FCA2D42363E00604F64 /* FirstViewController.swift in Sources */,
			);
			runOnlyForDeploymentPostprocessing = 0;
		};
/* End PBXSourcesBuildPhase section */

/* Begin XCBuildConfiguration section */
		A8B62FC02D4231A100604F64 /* Debug */ = {
			isa = XCBuildConfiguration;
			buildSettings = {
				ALWAYS_SEARCH_USER_PATHS = NO;
				CLANG_ANALYZER_NONNULL = YES;
				CLANG_ANALYZER_NUMBER_OBJECT_CONVERSION = YES_AGGRESSIVE;
				CLANG_CXX_LANGUAGE_STANDARD = "gnu++14";
				CLANG_CXX_LIBRARY = "libc++";
				CLANG_ENABLE_MODULES = YES;
				CLANG_ENABLE_OBJC_ARC = YES;
				CLANG_ENABLE_OBJC_WEAK = YES;
				CLANG_WARN_BLOCK_CAPTURE_AUTORELEASING = YES;
				CLANG_WARN_BOOL_CONVERSION = YES;
				CLANG_WARN_COMMA = YES;
				CLANG_WARN_CONSTANT_CONVERSION = YES;
				CLANG_WARN_DEPRECATED_OBJC_IMPLEMENTATIONS = YES;
				CLANG_WARN_DIRECT_OBJC_ISA_USAGE = YES_ERROR;
				CLANG_WARN_DOCUMENTATION_COMMENTS = YES;
				CLANG_WARN_EMPTY_BODY = YES;
				CLANG_WARN_ENUM_CONVERSION = YES;
				CLANG_WARN_INFINITE_RECURSION = YES;
				CLANG_WARN_INT_CONVERSION = YES;
				CLANG_WARN_NON_LITERAL_NULL_CONVERSION = YES;
				CLANG_WARN_OBJC_IMPLICIT_RETAIN_SELF = YES;
				CLANG_WARN_OBJC_LITERAL_CONVERSION = YES;
				CLANG_WARN_OBJC_ROOT_CLASS = YES_ERROR;
				CLANG_WARN_RANGE_LOOP_ANALYSIS = YES;
				CLANG_WARN_STRICT_PROTOTYPES = YES;
				CLANG_WARN_SUSPICIOUS_MOVE = YES;
				CLANG_WARN_UNGUARDED_AVAILABILITY = YES_AGGRESSIVE;
				CLANG_WARN_UNREACHABLE_CODE = YES;
				CLANG_WARN__DUPLICATE_METHOD_MATCH = YES;
				COPY_PHASE_STRIP = NO;
				DEBUG_INFORMATION_FORMAT = dwarf;
				ENABLE_STRICT_OBJC_MSGSEND = YES;
				ENABLE_TESTABILITY = YES;
				GCC_C_LANGUAGE_STANDARD = gnu11;
				GCC_DYNAMIC_NO_PIC = NO;
				GCC_NO_COMMON_BLOCKS = YES;
				GCC_OPTIMIZATION_LEVEL = 0;
				GCC_PREPROCESSOR_DEFINITIONS = (
					"DEBUG=1",
					"$(inherited)",
				);
				GCC_WARN_64_TO_32_BIT_CONVERSION = YES;
				GCC_WARN_ABOUT_RETURN_TYPE = YES_ERROR;
				GCC_WARN_UNDECLARED_SELECTOR = YES;
				GCC_WARN_UNINITIALIZED_AUTOS = YES_AGGRESSIVE;
				GCC_WARN_UNUSED_FUNCTION = YES;
				GCC_WARN_UNUSED_VARIABLE = YES;
				IPHONEOS_DEPLOYMENT_TARGET = 13.2;
				MTL_ENABLE_DEBUG_INFO = INCLUDE_SOURCE;
				MTL_FAST_MATH = YES;
				ONLY_ACTIVE_ARCH = YES;
				SDKROOT = iphoneos;
				SWIFT_ACTIVE_COMPILATION_CONDITIONS = DEBUG;
				SWIFT_OPTIMIZATION_LEVEL = "-Onone";
			};
			name = Debug;
		};
		A8B62FC12D4231A100604F64 /* Release */ = {
			isa = XCBuildConfiguration;
			buildSettings = {
				ALWAYS_SEARCH_USER_PATHS = NO;
				CLANG_ANALYZER_NONNULL = YES;
				CLANG_ANALYZER_NUMBER_OBJECT_CONVERSION = YES_AGGRESSIVE;
				CLANG_CXX_LANGUAGE_STANDARD = "gnu++14";
				CLANG_CXX_LIBRARY = "libc++";
				CLANG_ENABLE_MODULES = YES;
				CLANG_ENABLE_OBJC_ARC = YES;
				CLANG_ENABLE_OBJC_WEAK = YES;
				CLANG_WARN_BLOCK_CAPTURE_AUTORELEASING = YES;
				CLANG_WARN_BOOL_CONVERSION = YES;
				CLANG_WARN_COMMA = YES;
				CLANG_WARN_CONSTANT_CONVERSION = YES;
				CLANG_WARN_DEPRECATED_OBJC_IMPLEMENTATIONS = YES;
				CLANG_WARN_DIRECT_OBJC_ISA_USAGE = YES_ERROR;
				CLANG_WARN_DOCUMENTATION_COMMENTS = YES;
				CLANG_WARN_EMPTY_BODY = YES;
				CLANG_WARN_ENUM_CONVERSION = YES;
				CLANG_WARN_INFINITE_RECURSION = YES;
				CLANG_WARN_INT_CONVERSION = YES;
				CLANG_WARN_NON_LITERAL_NULL_CONVERSION = YES;
				CLANG_WARN_OBJC_IMPLICIT_RETAIN_SELF = YES;
				CLANG_WARN_OBJC_LITERAL_CONVERSION = YES;
				CLANG_WARN_OBJC_ROOT_CLASS = YES_ERROR;
				CLANG_WARN_RANGE_LOOP_ANALYSIS = YES;
				CLANG_WARN_STRICT_PROTOTYPES = YES;
				CLANG_WARN_SUSPICIOUS_MOVE = YES;
				CLANG_WARN_UNGUARDED_AVAILABILITY = YES_AGGRESSIVE;
				CLANG_WARN_UNREACHABLE_CODE = YES;
				CLANG_WARN__DUPLICATE_METHOD_MATCH = YES;
				COPY_PHASE_STRIP = NO;
				DEBUG_INFORMATION_FORMAT = "dwarf-with-dsym";
				ENABLE_NS_ASSERTIONS = NO;
				ENABLE_STRICT_OBJC_MSGSEND = YES;
				GCC_C_LANGUAGE_STANDARD = gnu11;
				GCC_NO_COMMON_BLOCKS = YES;
				GCC_WARN_64_TO_32_BIT_CONVERSION = YES;
				GCC_WARN_ABOUT_RETURN_TYPE = YES_ERROR;
				GCC_WARN_UNDECLARED_SELECTOR = YES;
				GCC_WARN_UNINITIALIZED_AUTOS = YES_AGGRESSIVE;
				GCC_WARN_UNUSED_FUNCTION = YES;
				GCC_WARN_UNUSED_VARIABLE = YES;
				IPHONEOS_DEPLOYMENT_TARGET = 13.2;
				MTL_ENABLE_DEBUG_INFO = NO;
				MTL_FAST_MATH = YES;
				SDKROOT = iphoneos;
				SWIFT_COMPILATION_MODE = wholemodule;
				SWIFT_OPTIMIZATION_LEVEL = "-O";
				VALIDATE_PRODUCT = YES;
			};
			name = Release;
		};
		A8B62FC32D4231A100604F64 /* Debug */ = {
			isa = XCBuildConfiguration;
			buildSettings = {
				ASSETCATALOG_COMPILER_APPICON_NAME = AppIcon;
				CODE_SIGN_STYLE = Automatic;
				DEVELOPMENT_TEAM = AAY659W2TT;
				INFOPLIST_FILE = Shop/Info.plist;
				LD_RUNPATH_SEARCH_PATHS = (
					"$(inherited)",
					"@executable_path/Frameworks",
				);
				PRODUCT_BUNDLE_IDENTIFIER = com.Shop;
				PRODUCT_NAME = "$(TARGET_NAME)";
				SWIFT_VERSION = 5.0;
				TARGETED_DEVICE_FAMILY = "1,2";
			};
			name = Debug;
		};
		A8B62FC42D4231A100604F64 /* Release */ = {
			isa = XCBuildConfiguration;
			buildSettings = {
				ASSETCATALOG_COMPILER_APPICON_NAME = AppIcon;
				CODE_SIGN_STYLE = Automatic;
				DEVELOPMENT_TEAM = AAY659W2TT;
				INFOPLIST_FILE = Shop/Info.plist;
				LD_RUNPATH_SEARCH_PATHS = (
					"$(inherited)",
					"@executable_path/Frameworks",
				);
				PRODUCT_BUNDLE_IDENTIFIER = com.Shop;
				PRODUCT_NAME = "$(TARGET_NAME)";
				SWIFT_VERSION = 5.0;
				TARGETED_DEVICE_FAMILY = "1,2";
			};
			name = Release;
		};
/* End XCBuildConfiguration section */

/* Begin XCConfigurationList section */
		A8B62FA92D42319F00604F64 /* Build configuration list for PBXProject "Shop" */ = {
			isa = XCConfigurationList;
			buildConfigurations = (
				A8B62FC02D4231A100604F64 /* Debug */,
				A8B62FC12D4231A100604F64 /* Release */,
			);
			defaultConfigurationIsVisible = 0;
			defaultConfigurationName = Release;
		};
		A8B62FC22D4231A100604F64 /* Build configuration list for PBXNativeTarget "Shop" */ = {
			isa = XCConfigurationList;
			buildConfigurations = (
				A8B62FC32D4231A100604F64 /* Debug */,
				A8B62FC42D4231A100604F64 /* Release */,
			);
			defaultConfigurationIsVisible = 0;
			defaultConfigurationName = Release;
		};
/* End XCConfigurationList section */
	};
	rootObject = A8B62FA62D42319F00604F64 /* Project object */;
}
